hash: 24673357b0f7216a1f9f4f54f78e54568c774b680e28df4a6ff916b029075f77
updated: 2019-01-12T12:59:21.457267141+03:00
imports:
- name: github.com/gorilla/websocket
  version: 66b9c49e59c6c48f0ffce28c2d8b8a5678502c6d
- name: github.com/pkg/errors
  version: ba968bfe8b2f7e042a574c888954fccecfa385b4
- name: github.com/stianeikeland/go-rpio
  version: d43a3ce8186d47f497a6785f997400a1b2f1fdc7
testImports: []
